{
  "name": "simple-feenst-package",
  "version": "1.0.0",
  "lockfileVersion": 1,
  "requires": true,
  "dependencies": {
    "detector-js": {
      "version": "1.2.0",
      "resolved": "https://registry.npmjs.org/detector-js/-/detector-js-1.2.0.tgz",
      "integrity": "sha512-KjqrmixznOs0/HRT/xadAJU9bJxfNYxnYQxyJS6MLiD3xQ31BCKjolFT0UzsAfASDL8TXh+wqP4bfUOIwhoWbA==",
      "dev": true
    },
    "hydrate-text": {
      "version": "1.1.5",
      "resolved": "https://registry.npmjs.org/hydrate-text/-/hydrate-text-1.1.5.tgz",
      "integrity": "sha512-V3YRNZ8CqqNQldM36L5WBNDvnSPjNR9BA5xxUM7K8A7y4jEr6nBMkeWKalMJRUrnfW5MGy66UzWMogfLd1hM+Q=="
    }
  }
}
